
Microsoft Visual Studio Solution File, Format Version 12.00
# Visual Studio 15
VisualStudioVersion = 15.0.28307.779
MinimumVisualStudioVersion = 10.0.40219.1
Project("{8BC9CEB8-8B4A-11D0-8D11-00A0C91BC942}") = "Proxy pattern", "Proxy pattern\Proxy pattern.vcxproj", "{86A68412-6378-4971-9AB2-9E9C851041E2}"
EndProject
Global
	GlobalSection(SolutionConfigurationPlatforms) = preSolution
		Debug|x64 = Debug|x64
		Debug|x86 = Debug|x86
		Release|x64 = Release|x64
		Release|x86 = Release|x86
	EndGlobalSection
	GlobalSection(ProjectConfigurationPlatforms) = postSolution
		{86A68412-6378-4971-9AB2-9E9C851041E2}.Debug|x64.ActiveCfg = Debug|x64
		{86A68412-6378-4971-9AB2-9E9C851041E2}.Debug|x64.Build.0 = Debug|x64
		{86A68412-6378-4971-9AB2-9E9C851041E2}.Debug|x86.ActiveCfg = Debug|Win32
		{86A68412-6378-4971-9AB2-9E9C851041E2}.Debug|x86.Build.0 = Debug|Win32
		{86A68412-6378-4971-9AB2-9E9C851041E2}.Release|x64.ActiveCfg = Release|x64
		{86A68412-6378-4971-9AB2-9E9C851041E2}.Release|x64.Build.0 = Release|x64
		{86A68412-6378-4971-9AB2-9E9C851041E2}.Release|x86.ActiveCfg = Release|Win32
		{86A68412-6378-4971-9AB2-9E9C851041E2}.Release|x86.Build.0 = Release|Win32
	EndGlobalSection
	GlobalSection(SolutionProperties) = preSolution
		HideSolutionNode = FALSE
	EndGlobalSection
	GlobalSection(ExtensibilityGlobals) = postSolution
		SolutionGuid = {9517169C-4B12-4A73-9B45-E0B3E2C71D87}
	EndGlobalSection
EndGlobal
